
Microsoft Visual Studio Solution File, Format Version 12.00
# Visual Studio Version 17
VisualStudioVersion = 17.9.34607.119
MinimumVisualStudioVersion = 10.0.40219.1
Project("{FAE04EC0-301F-11D3-BF4B-00C04F79EFBC}") = "Celsius", "Celsius\Celsius.csproj", "{B97E23B6-A2C9-429B-A4A8-A174341FBC9F}"
EndProject
Global
	GlobalSection(SolutionConfigurationPlatforms) = preSolution
		Debug|Any CPU = Debug|Any CPU
		Release|Any CPU = Release|Any CPU
	EndGlobalSection
	GlobalSection(ProjectConfigurationPlatforms) = postSolution
		{B97E23B6-A2C9-429B-A4A8-A174341FBC9F}.Debug|Any CPU.ActiveCfg = Debug|Any CPU
		{B97E23B6-A2C9-429B-A4A8-A174341FBC9F}.Debug|Any CPU.Build.0 = Debug|Any CPU
		{B97E23B6-A2C9-429B-A4A8-A174341FBC9F}.Release|Any CPU.ActiveCfg = Release|Any CPU
		{B97E23B6-A2C9-429B-A4A8-A174341FBC9F}.Release|Any CPU.Build.0 = Release|Any CPU
	EndGlobalSection
	GlobalSection(SolutionProperties) = preSolution
		HideSolutionNode = FALSE
	EndGlobalSection
	GlobalSection(ExtensibilityGlobals) = postSolution
		SolutionGuid = {C1381094-3A6B-42CE-AC72-404FA2C9D52B}
	EndGlobalSection
EndGlobal
