
Microsoft Visual Studio Solution File, Format Version 12.00
# Visual Studio Version 17
VisualStudioVersion = 17.9.34607.119
MinimumVisualStudioVersion = 10.0.40219.1
Project("{FAE04EC0-301F-11D3-BF4B-00C04F79EFBC}") = "NumberGenerator", "NumberGenerator\NumberGenerator.csproj", "{088A7CEA-F56B-484E-A494-3735CF1950F9}"
EndProject
Global
	GlobalSection(SolutionConfigurationPlatforms) = preSolution
		Debug|Any CPU = Debug|Any CPU
		Release|Any CPU = Release|Any CPU
	EndGlobalSection
	GlobalSection(ProjectConfigurationPlatforms) = postSolution
		{088A7CEA-F56B-484E-A494-3735CF1950F9}.Debug|Any CPU.ActiveCfg = Debug|Any CPU
		{088A7CEA-F56B-484E-A494-3735CF1950F9}.Debug|Any CPU.Build.0 = Debug|Any CPU
		{088A7CEA-F56B-484E-A494-3735CF1950F9}.Release|Any CPU.ActiveCfg = Release|Any CPU
		{088A7CEA-F56B-484E-A494-3735CF1950F9}.Release|Any CPU.Build.0 = Release|Any CPU
	EndGlobalSection
	GlobalSection(SolutionProperties) = preSolution
		HideSolutionNode = FALSE
	EndGlobalSection
	GlobalSection(ExtensibilityGlobals) = postSolution
		SolutionGuid = {C1381094-3A6B-42CE-AC72-404FA2C9D52B}
	EndGlobalSection
EndGlobal
